
Microsoft Visual Studio Solution File, Format Version 12.00
# Visual Studio Version 16
VisualStudioVersion = 16.0.31025.194
MinimumVisualStudioVersion = 10.0.40219.1
Project("{8BC9CEB8-8B4A-11D0-8D11-00A0C91BC942}") = "class", "class\class.vcxproj", "{FB89CA4E-2B5F-4877-8704-FFD1480C1B8A}"
EndProject
Global
	GlobalSection(SolutionConfigurationPlatforms) = preSolution
		Debug|x64 = Debug|x64
		Debug|x86 = Debug|x86
		Release|x64 = Release|x64
		Release|x86 = Release|x86
	EndGlobalSection
	GlobalSection(ProjectConfigurationPlatforms) = postSolution
		{FB89CA4E-2B5F-4877-8704-FFD1480C1B8A}.Debug|x64.ActiveCfg = Debug|x64
		{FB89CA4E-2B5F-4877-8704-FFD1480C1B8A}.Debug|x64.Build.0 = Debug|x64
		{FB89CA4E-2B5F-4877-8704-FFD1480C1B8A}.Debug|x86.ActiveCfg = Debug|Win32
		{FB89CA4E-2B5F-4877-8704-FFD1480C1B8A}.Debug|x86.Build.0 = Debug|Win32
		{FB89CA4E-2B5F-4877-8704-FFD1480C1B8A}.Release|x64.ActiveCfg = Release|x64
		{FB89CA4E-2B5F-4877-8704-FFD1480C1B8A}.Release|x64.Build.0 = Release|x64
		{FB89CA4E-2B5F-4877-8704-FFD1480C1B8A}.Release|x86.ActiveCfg = Release|Win32
		{FB89CA4E-2B5F-4877-8704-FFD1480C1B8A}.Release|x86.Build.0 = Release|Win32
	EndGlobalSection
	GlobalSection(SolutionProperties) = preSolution
		HideSolutionNode = FALSE
	EndGlobalSection
	GlobalSection(ExtensibilityGlobals) = postSolution
		SolutionGuid = {7EB0DC34-E140-44C2-BAF7-538A34D28A68}
	EndGlobalSection
EndGlobal
